// !$*UTF8*$!
{
	archiveVersion = 1;
	classes = {
	};
	objectVersion = 56;
	objects = {

/* Begin PBXBuildFile section */
		34045F3B29C5871C00E23014 /* ContactsViewController.swift in Sources */ = {isa = PBXBuildFile; fileRef = 34045F3A29C5871C00E23014 /* ContactsViewController.swift */; };
		34045F3D29C5873000E23014 /* ContactsViewModel.swift in Sources */ = {isa = PBXBuildFile; fileRef = 34045F3C29C5873000E23014 /* ContactsViewModel.swift */; };
		34045F3F29C5874600E23014 /* Contact.swift in Sources */ = {isa = PBXBuildFile; fileRef = 34045F3E29C5874600E23014 /* Contact.swift */; };
		34045F4329C58B6300E23014 /* NetworkService.swift in Sources */ = {isa = PBXBuildFile; fileRef = 34045F4229C58B6300E23014 /* NetworkService.swift */; };
		34045F4529C58D3A00E23014 /* ContactTableViewCell.swift in Sources */ = {isa = PBXBuildFile; fileRef = 34045F4429C58D3A00E23014 /* ContactTableViewCell.swift */; };
		34045F4B29C600C800E23014 /* Coordinator.swift in Sources */ = {isa = PBXBuildFile; fileRef = 34045F4A29C600C800E23014 /* Coordinator.swift */; };
		34045F4E29C6015700E23014 /* AuthCoordinator.swift in Sources */ = {isa = PBXBuildFile; fileRef = 34045F4D29C6015700E23014 /* AuthCoordinator.swift */; };
		34045F5029C6016500E23014 /* AppCoordinator.swift in Sources */ = {isa = PBXBuildFile; fileRef = 34045F4F29C6016500E23014 /* AppCoordinator.swift */; };
		34045F5229C6038B00E23014 /* MainCoordinator.swift in Sources */ = {isa = PBXBuildFile; fileRef = 34045F5129C6038B00E23014 /* MainCoordinator.swift */; };
		343E93E329C6B72D000D9E92 /* Comment.swift in Sources */ = {isa = PBXBuildFile; fileRef = 343E93E229C6B72D000D9E92 /* Comment.swift */; };
		3495BEA629C17A2B00AE8A25 /* SnapKit in Frameworks */ = {isa = PBXBuildFile; productRef = 3495BEA529C17A2B00AE8A25 /* SnapKit */; };
		3495BEA829C17D5200AE8A25 /* LoginViewModel.swift in Sources */ = {isa = PBXBuildFile; fileRef = 3495BEA729C17D5200AE8A25 /* LoginViewModel.swift */; };
		3495BEAA29C17D6D00AE8A25 /* Extensions.swift in Sources */ = {isa = PBXBuildFile; fileRef = 3495BEA929C17D6D00AE8A25 /* Extensions.swift */; };
		3495BEAC29C18DDB00AE8A25 /* User.swift in Sources */ = {isa = PBXBuildFile; fileRef = 3495BEAB29C18DDB00AE8A25 /* User.swift */; };
		3495BECC29C41B3600AE8A25 /* LoginCombineViewModel.swift in Sources */ = {isa = PBXBuildFile; fileRef = 3495BECB29C41B3600AE8A25 /* LoginCombineViewModel.swift */; };
		3495BECF29C439E600AE8A25 /* Product.swift in Sources */ = {isa = PBXBuildFile; fileRef = 3495BECE29C439E600AE8A25 /* Product.swift */; };
		3495BED329C43B1600AE8A25 /* TableViewController.swift in Sources */ = {isa = PBXBuildFile; fileRef = 3495BED229C43B1600AE8A25 /* TableViewController.swift */; };
		3495BED529C43BD300AE8A25 /* ProductTableViewCell.swift in Sources */ = {isa = PBXBuildFile; fileRef = 3495BED429C43BD300AE8A25 /* ProductTableViewCell.swift */; };
		34B3F40029C826570011E4D7 /* CommentsViewController.swift in Sources */ = {isa = PBXBuildFile; fileRef = 34B3F3FF29C826570011E4D7 /* CommentsViewController.swift */; };
		34B3F40229C827980011E4D7 /* CommentsViewModel.swift in Sources */ = {isa = PBXBuildFile; fileRef = 34B3F40129C827980011E4D7 /* CommentsViewModel.swift */; };
		34F5005E29C081CC008CF7B8 /* AppDelegate.swift in Sources */ = {isa = PBXBuildFile; fileRef = 34F5005D29C081CC008CF7B8 /* AppDelegate.swift */; };
		34F5006029C081CC008CF7B8 /* SceneDelegate.swift in Sources */ = {isa = PBXBuildFile; fileRef = 34F5005F29C081CC008CF7B8 /* SceneDelegate.swift */; };
		34F5006229C081CC008CF7B8 /* LoginViewController.swift in Sources */ = {isa = PBXBuildFile; fileRef = 34F5006129C081CC008CF7B8 /* LoginViewController.swift */; };
		34F5006729C081CE008CF7B8 /* Assets.xcassets in Resources */ = {isa = PBXBuildFile; fileRef = 34F5006629C081CE008CF7B8 /* Assets.xcassets */; };
		34F5006A29C081CE008CF7B8 /* LaunchScreen.storyboard in Resources */ = {isa = PBXBuildFile; fileRef = 34F5006829C081CE008CF7B8 /* LaunchScreen.storyboard */; };
/* End PBXBuildFile section */

/* Begin PBXFileReference section */
		34045F3A29C5871C00E23014 /* ContactsViewController.swift */ = {isa = PBXFileReference; lastKnownFileType = sourcecode.swift; path = ContactsViewController.swift; sourceTree = "<group>"; };
		34045F3C29C5873000E23014 /* ContactsViewModel.swift */ = {isa = PBXFileReference; lastKnownFileType = sourcecode.swift; path = ContactsViewModel.swift; sourceTree = "<group>"; };
		34045F3E29C5874600E23014 /* Contact.swift */ = {isa = PBXFileReference; lastKnownFileType = sourcecode.swift; path = Contact.swift; sourceTree = "<group>"; };
		34045F4229C58B6300E23014 /* NetworkService.swift */ = {isa = PBXFileReference; lastKnownFileType = sourcecode.swift; path = NetworkService.swift; sourceTree = "<group>"; };
		34045F4429C58D3A00E23014 /* ContactTableViewCell.swift */ = {isa = PBXFileReference; lastKnownFileType = sourcecode.swift; path = ContactTableViewCell.swift; sourceTree = "<group>"; };
		34045F4A29C600C800E23014 /* Coordinator.swift */ = {isa = PBXFileReference; lastKnownFileType = sourcecode.swift; path = Coordinator.swift; sourceTree = "<group>"; };
		34045F4D29C6015700E23014 /* AuthCoordinator.swift */ = {isa = PBXFileReference; lastKnownFileType = sourcecode.swift; path = AuthCoordinator.swift; sourceTree = "<group>"; };
		34045F4F29C6016500E23014 /* AppCoordinator.swift */ = {isa = PBXFileReference; lastKnownFileType = sourcecode.swift; path = AppCoordinator.swift; sourceTree = "<group>"; };
		34045F5129C6038B00E23014 /* MainCoordinator.swift */ = {isa = PBXFileReference; lastKnownFileType = sourcecode.swift; path = MainCoordinator.swift; sourceTree = "<group>"; };
		343E93E229C6B72D000D9E92 /* Comment.swift */ = {isa = PBXFileReference; lastKnownFileType = sourcecode.swift; path = Comment.swift; sourceTree = "<group>"; };
		3495BEA729C17D5200AE8A25 /* LoginViewModel.swift */ = {isa = PBXFileReference; lastKnownFileType = sourcecode.swift; path = LoginViewModel.swift; sourceTree = "<group>"; };
		3495BEA929C17D6D00AE8A25 /* Extensions.swift */ = {isa = PBXFileReference; lastKnownFileType = sourcecode.swift; path = Extensions.swift; sourceTree = "<group>"; };
		3495BEAB29C18DDB00AE8A25 /* User.swift */ = {isa = PBXFileReference; lastKnownFileType = sourcecode.swift; path = User.swift; sourceTree = "<group>"; };
		3495BECB29C41B3600AE8A25 /* LoginCombineViewModel.swift */ = {isa = PBXFileReference; lastKnownFileType = sourcecode.swift; path = LoginCombineViewModel.swift; sourceTree = "<group>"; };
		3495BECE29C439E600AE8A25 /* Product.swift */ = {isa = PBXFileReference; lastKnownFileType = sourcecode.swift; path = Product.swift; sourceTree = "<group>"; };
		3495BED229C43B1600AE8A25 /* TableViewController.swift */ = {isa = PBXFileReference; lastKnownFileType = sourcecode.swift; path = TableViewController.swift; sourceTree = "<group>"; };
		3495BED429C43BD300AE8A25 /* ProductTableViewCell.swift */ = {isa = PBXFileReference; lastKnownFileType = sourcecode.swift; path = ProductTableViewCell.swift; sourceTree = "<group>"; };
		34B3F3FF29C826570011E4D7 /* CommentsViewController.swift */ = {isa = PBXFileReference; lastKnownFileType = sourcecode.swift; path = CommentsViewController.swift; sourceTree = "<group>"; };
		34B3F40129C827980011E4D7 /* CommentsViewModel.swift */ = {isa = PBXFileReference; lastKnownFileType = sourcecode.swift; path = CommentsViewModel.swift; sourceTree = "<group>"; };
		34F5005A29C081CC008CF7B8 /* MVVMDemo.app */ = {isa = PBXFileReference; explicitFileType = wrapper.application; includeInIndex = 0; path = MVVMDemo.app; sourceTree = BUILT_PRODUCTS_DIR; };
		34F5005D29C081CC008CF7B8 /* AppDelegate.swift */ = {isa = PBXFileReference; lastKnownFileType = sourcecode.swift; path = AppDelegate.swift; sourceTree = "<group>"; };
		34F5005F29C081CC008CF7B8 /* SceneDelegate.swift */ = {isa = PBXFileReference; lastKnownFileType = sourcecode.swift; path = SceneDelegate.swift; sourceTree = "<group>"; };
		34F5006129C081CC008CF7B8 /* LoginViewController.swift */ = {isa = PBXFileReference; lastKnownFileType = sourcecode.swift; path = LoginViewController.swift; sourceTree = "<group>"; };
		34F5006629C081CE008CF7B8 /* Assets.xcassets */ = {isa = PBXFileReference; lastKnownFileType = folder.assetcatalog; path = Assets.xcassets; sourceTree = "<group>"; };
		34F5006929C081CE008CF7B8 /* Base */ = {isa = PBXFileReference; lastKnownFileType = file.storyboard; name = Base; path = Base.lproj/LaunchScreen.storyboard; sourceTree = "<group>"; };
		34F5006B29C081CE008CF7B8 /* Info.plist */ = {isa = PBXFileReference; lastKnownFileType = text.plist.xml; path = Info.plist; sourceTree = "<group>"; };
/* End PBXFileReference section */

/* Begin PBXFrameworksBuildPhase section */
		34F5005729C081CC008CF7B8 /* Frameworks */ = {
			isa = PBXFrameworksBuildPhase;
			buildActionMask = 2147483647;
			files = (
				3495BEA629C17A2B00AE8A25 /* SnapKit in Frameworks */,
			);
			runOnlyForDeploymentPostprocessing = 0;
		};
/* End PBXFrameworksBuildPhase section */

/* Begin PBXGroup section */
		34045F4029C5897400E23014 /* Demo */ = {
			isa = PBXGroup;
			children = (
				34B3F3FE29C826470011E4D7 /* Comments */,
				34045F4729C5AE3100E23014 /* Model */,
				34045F4129C58B5300E23014 /* NetworkService */,
				34045F4C29C6013F00E23014 /* Coordinator */,
				34045F4829C5AE3C00E23014 /* Auth */,
				34045F4629C5AE1C00E23014 /* Contacts */,
			);
			path = Demo;
			sourceTree = "<group>";
		};
		34045F4129C58B5300E23014 /* NetworkService */ = {
			isa = PBXGroup;
			children = (
				34045F4229C58B6300E23014 /* NetworkService.swift */,
			);
			path = NetworkService;
			sourceTree = "<group>";
		};
		34045F4629C5AE1C00E23014 /* Contacts */ = {
			isa = PBXGroup;
			children = (
				34045F3A29C5871C00E23014 /* ContactsViewController.swift */,
				34045F3C29C5873000E23014 /* ContactsViewModel.swift */,
				34045F4429C58D3A00E23014 /* ContactTableViewCell.swift */,
			);
			path = Contacts;
			sourceTree = "<group>";
		};
		34045F4729C5AE3100E23014 /* Model */ = {
			isa = PBXGroup;
			children = (
				34045F3E29C5874600E23014 /* Contact.swift */,
				3495BEAB29C18DDB00AE8A25 /* User.swift */,
				343E93E229C6B72D000D9E92 /* Comment.swift */,
			);
			path = Model;
			sourceTree = "<group>";
		};
		34045F4829C5AE3C00E23014 /* Auth */ = {
			isa = PBXGroup;
			children = (
				3495BEA729C17D5200AE8A25 /* LoginViewModel.swift */,
				34F5006129C081CC008CF7B8 /* LoginViewController.swift */,
			);
			path = Auth;
			sourceTree = "<group>";
		};
		34045F4929C5C27800E23014 /* Resources */ = {
			isa = PBXGroup;
			children = (
				34F5006829C081CE008CF7B8 /* LaunchScreen.storyboard */,
				34F5006629C081CE008CF7B8 /* Assets.xcassets */,
				34F5005F29C081CC008CF7B8 /* SceneDelegate.swift */,
				34F5005D29C081CC008CF7B8 /* AppDelegate.swift */,
			);
			path = Resources;
			sourceTree = "<group>";
		};
		34045F4C29C6013F00E23014 /* Coordinator */ = {
			isa = PBXGroup;
			children = (
				34045F4A29C600C800E23014 /* Coordinator.swift */,
				34045F4D29C6015700E23014 /* AuthCoordinator.swift */,
				34045F4F29C6016500E23014 /* AppCoordinator.swift */,
				34045F5129C6038B00E23014 /* MainCoordinator.swift */,
			);
			path = Coordinator;
			sourceTree = "<group>";
		};
		3495BECA29C41B1600AE8A25 /* Combine */ = {
			isa = PBXGroup;
			children = (
				3495BECB29C41B3600AE8A25 /* LoginCombineViewModel.swift */,
			);
			path = Combine;
			sourceTree = "<group>";
		};
		3495BECD29C439DA00AE8A25 /* Shop */ = {
			isa = PBXGroup;
			children = (
				3495BECE29C439E600AE8A25 /* Product.swift */,
				3495BED229C43B1600AE8A25 /* TableViewController.swift */,
				3495BED429C43BD300AE8A25 /* ProductTableViewCell.swift */,
			);
			path = Shop;
			sourceTree = "<group>";
		};
		34B3F3FE29C826470011E4D7 /* Comments */ = {
			isa = PBXGroup;
			children = (
				34B3F3FF29C826570011E4D7 /* CommentsViewController.swift */,
				34B3F40129C827980011E4D7 /* CommentsViewModel.swift */,
			);
			path = Comments;
			sourceTree = "<group>";
		};
		34F5005129C081CC008CF7B8 = {
			isa = PBXGroup;
			children = (
				34F5005C29C081CC008CF7B8 /* MVVMDemo */,
				34F5005B29C081CC008CF7B8 /* Products */,
			);
			sourceTree = "<group>";
		};
		34F5005B29C081CC008CF7B8 /* Products */ = {
			isa = PBXGroup;
			children = (
				34F5005A29C081CC008CF7B8 /* MVVMDemo.app */,
			);
			name = Products;
			sourceTree = "<group>";
		};
		34F5005C29C081CC008CF7B8 /* MVVMDemo */ = {
			isa = PBXGroup;
			children = (
				34045F4029C5897400E23014 /* Demo */,
				3495BECD29C439DA00AE8A25 /* Shop */,
				3495BECA29C41B1600AE8A25 /* Combine */,
				34045F4929C5C27800E23014 /* Resources */,
				3495BEA929C17D6D00AE8A25 /* Extensions.swift */,
				34F5006B29C081CE008CF7B8 /* Info.plist */,
			);
			path = MVVMDemo;
			sourceTree = "<group>";
		};
/* End PBXGroup section */

/* Begin PBXNativeTarget section */
		34F5005929C081CC008CF7B8 /* MVVMDemo */ = {
			isa = PBXNativeTarget;
			buildConfigurationList = 34F5006E29C081CE008CF7B8 /* Build configuration list for PBXNativeTarget "MVVMDemo" */;
			buildPhases = (
				34F5005629C081CC008CF7B8 /* Sources */,
				34F5005729C081CC008CF7B8 /* Frameworks */,
				34F5005829C081CC008CF7B8 /* Resources */,
			);
			buildRules = (
			);
			dependencies = (
			);
			name = MVVMDemo;
			packageProductDependencies = (
				3495BEA529C17A2B00AE8A25 /* SnapKit */,
			);
			productName = MVVMDemo;
			productReference = 34F5005A29C081CC008CF7B8 /* MVVMDemo.app */;
			productType = "com.apple.product-type.application";
		};
/* End PBXNativeTarget section */

/* Begin PBXProject section */
		34F5005229C081CC008CF7B8 /* Project object */ = {
			isa = PBXProject;
			attributes = {
				BuildIndependentTargetsInParallel = 1;
				LastSwiftUpdateCheck = 1400;
				LastUpgradeCheck = 1400;
				TargetAttributes = {
					34F5005929C081CC008CF7B8 = {
						CreatedOnToolsVersion = 14.0;
					};
				};
			};
			buildConfigurationList = 34F5005529C081CC008CF7B8 /* Build configuration list for PBXProject "MVVMDemo" */;
			compatibilityVersion = "Xcode 14.0";
			developmentRegion = en;
			hasScannedForEncodings = 0;
			knownRegions = (
				en,
				Base,
			);
			mainGroup = 34F5005129C081CC008CF7B8;
			packageReferences = (
				3495BEA429C17A2B00AE8A25 /* XCRemoteSwiftPackageReference "SnapKit" */,
			);
			productRefGroup = 34F5005B29C081CC008CF7B8 /* Products */;
			projectDirPath = "";
			projectRoot = "";
			targets = (
				34F5005929C081CC008CF7B8 /* MVVMDemo */,
			);
		};
/* End PBXProject section */

/* Begin PBXResourcesBuildPhase section */
		34F5005829C081CC008CF7B8 /* Resources */ = {
			isa = PBXResourcesBuildPhase;
			buildActionMask = 2147483647;
			files = (
				34F5006A29C081CE008CF7B8 /* LaunchScreen.storyboard in Resources */,
				34F5006729C081CE008CF7B8 /* Assets.xcassets in Resources */,
			);
			runOnlyForDeploymentPostprocessing = 0;
		};
/* End PBXResourcesBuildPhase section */

/* Begin PBXSourcesBuildPhase section */
		34F5005629C081CC008CF7B8 /* Sources */ = {
			isa = PBXSourcesBuildPhase;
			buildActionMask = 2147483647;
			files = (
				34045F4B29C600C800E23014 /* Coordinator.swift in Sources */,
				34045F3F29C5874600E23014 /* Contact.swift in Sources */,
				34B3F40029C826570011E4D7 /* CommentsViewController.swift in Sources */,
				3495BEAA29C17D6D00AE8A25 /* Extensions.swift in Sources */,
				34045F3D29C5873000E23014 /* ContactsViewModel.swift in Sources */,
				34045F4E29C6015700E23014 /* AuthCoordinator.swift in Sources */,
				34045F3B29C5871C00E23014 /* ContactsViewController.swift in Sources */,
				34045F5029C6016500E23014 /* AppCoordinator.swift in Sources */,
				3495BECF29C439E600AE8A25 /* Product.swift in Sources */,
				343E93E329C6B72D000D9E92 /* Comment.swift in Sources */,
				3495BECC29C41B3600AE8A25 /* LoginCombineViewModel.swift in Sources */,
				34045F4529C58D3A00E23014 /* ContactTableViewCell.swift in Sources */,
				34045F4329C58B6300E23014 /* NetworkService.swift in Sources */,
				3495BEA829C17D5200AE8A25 /* LoginViewModel.swift in Sources */,
				3495BEAC29C18DDB00AE8A25 /* User.swift in Sources */,
				34F5006229C081CC008CF7B8 /* LoginViewController.swift in Sources */,
				34045F5229C6038B00E23014 /* MainCoordinator.swift in Sources */,
				34F5005E29C081CC008CF7B8 /* AppDelegate.swift in Sources */,
				34B3F40229C827980011E4D7 /* CommentsViewModel.swift in Sources */,
				3495BED529C43BD300AE8A25 /* ProductTableViewCell.swift in Sources */,
				3495BED329C43B1600AE8A25 /* TableViewController.swift in Sources */,
				34F5006029C081CC008CF7B8 /* SceneDelegate.swift in Sources */,
			);
			runOnlyForDeploymentPostprocessing = 0;
		};
/* End PBXSourcesBuildPhase section */

/* Begin PBXVariantGroup section */
		34F5006829C081CE008CF7B8 /* LaunchScreen.storyboard */ = {
			isa = PBXVariantGroup;
			children = (
				34F5006929C081CE008CF7B8 /* Base */,
			);
			name = LaunchScreen.storyboard;
			sourceTree = "<group>";
		};
/* End PBXVariantGroup section */

/* Begin XCBuildConfiguration section */
		34F5006C29C081CE008CF7B8 /* Debug */ = {
			isa = XCBuildConfiguration;
			buildSettings = {
				ALWAYS_SEARCH_USER_PATHS = NO;
				CLANG_ANALYZER_NONNULL = YES;
				CLANG_ANALYZER_NUMBER_OBJECT_CONVERSION = YES_AGGRESSIVE;
				CLANG_CXX_LANGUAGE_STANDARD = "gnu++20";
				CLANG_ENABLE_MODULES = YES;
				CLANG_ENABLE_OBJC_ARC = YES;
				CLANG_ENABLE_OBJC_WEAK = YES;
				CLANG_WARN_BLOCK_CAPTURE_AUTORELEASING = YES;
				CLANG_WARN_BOOL_CONVERSION = YES;
				CLANG_WARN_COMMA = YES;
				CLANG_WARN_CONSTANT_CONVERSION = YES;
				CLANG_WARN_DEPRECATED_OBJC_IMPLEMENTATIONS = YES;
				CLANG_WARN_DIRECT_OBJC_ISA_USAGE = YES_ERROR;
				CLANG_WARN_DOCUMENTATION_COMMENTS = YES;
				CLANG_WARN_EMPTY_BODY = YES;
				CLANG_WARN_ENUM_CONVERSION = YES;
				CLANG_WARN_INFINITE_RECURSION = YES;
				CLANG_WARN_INT_CONVERSION = YES;
				CLANG_WARN_NON_LITERAL_NULL_CONVERSION = YES;
				CLANG_WARN_OBJC_IMPLICIT_RETAIN_SELF = YES;
				CLANG_WARN_OBJC_LITERAL_CONVERSION = YES;
				CLANG_WARN_OBJC_ROOT_CLASS = YES_ERROR;
				CLANG_WARN_QUOTED_INCLUDE_IN_FRAMEWORK_HEADER = YES;
				CLANG_WARN_RANGE_LOOP_ANALYSIS = YES;
				CLANG_WARN_STRICT_PROTOTYPES = YES;
				CLANG_WARN_SUSPICIOUS_MOVE = YES;
				CLANG_WARN_UNGUARDED_AVAILABILITY = YES_AGGRESSIVE;
				CLANG_WARN_UNREACHABLE_CODE = YES;
				CLANG_WARN__DUPLICATE_METHOD_MATCH = YES;
				COPY_PHASE_STRIP = NO;
				DEBUG_INFORMATION_FORMAT = dwarf;
				ENABLE_STRICT_OBJC_MSGSEND = YES;
				ENABLE_TESTABILITY = YES;
				GCC_C_LANGUAGE_STANDARD = gnu11;
				GCC_DYNAMIC_NO_PIC = NO;
				GCC_NO_COMMON_BLOCKS = YES;
				GCC_OPTIMIZATION_LEVEL = 0;
				GCC_PREPROCESSOR_DEFINITIONS = (
					"DEBUG=1",
					"$(inherited)",
				);
				GCC_WARN_64_TO_32_BIT_CONVERSION = YES;
				GCC_WARN_ABOUT_RETURN_TYPE = YES_ERROR;
				GCC_WARN_UNDECLARED_SELECTOR = YES;
				GCC_WARN_UNINITIALIZED_AUTOS = YES_AGGRESSIVE;
				GCC_WARN_UNUSED_FUNCTION = YES;
				GCC_WARN_UNUSED_VARIABLE = YES;
				IPHONEOS_DEPLOYMENT_TARGET = 16.0;
				MTL_ENABLE_DEBUG_INFO = INCLUDE_SOURCE;
				MTL_FAST_MATH = YES;
				ONLY_ACTIVE_ARCH = YES;
				SDKROOT = iphoneos;
				SWIFT_ACTIVE_COMPILATION_CONDITIONS = DEBUG;
				SWIFT_OPTIMIZATION_LEVEL = "-Onone";
			};
			name = Debug;
		};
		34F5006D29C081CE008CF7B8 /* Release */ = {
			isa = XCBuildConfiguration;
			buildSettings = {
				ALWAYS_SEARCH_USER_PATHS = NO;
				CLANG_ANALYZER_NONNULL = YES;
				CLANG_ANALYZER_NUMBER_OBJECT_CONVERSION = YES_AGGRESSIVE;
				CLANG_CXX_LANGUAGE_STANDARD = "gnu++20";
				CLANG_ENABLE_MODULES = YES;
				CLANG_ENABLE_OBJC_ARC = YES;
				CLANG_ENABLE_OBJC_WEAK = YES;
				CLANG_WARN_BLOCK_CAPTURE_AUTORELEASING = YES;
				CLANG_WARN_BOOL_CONVERSION = YES;
				CLANG_WARN_COMMA = YES;
				CLANG_WARN_CONSTANT_CONVERSION = YES;
				CLANG_WARN_DEPRECATED_OBJC_IMPLEMENTATIONS = YES;
				CLANG_WARN_DIRECT_OBJC_ISA_USAGE = YES_ERROR;
				CLANG_WARN_DOCUMENTATION_COMMENTS = YES;
				CLANG_WARN_EMPTY_BODY = YES;
				CLANG_WARN_ENUM_CONVERSION = YES;
				CLANG_WARN_INFINITE_RECURSION = YES;
				CLANG_WARN_INT_CONVERSION = YES;
				CLANG_WARN_NON_LITERAL_NULL_CONVERSION = YES;
				CLANG_WARN_OBJC_IMPLICIT_RETAIN_SELF = YES;
				CLANG_WARN_OBJC_LITERAL_CONVERSION = YES;
				CLANG_WARN_OBJC_ROOT_CLASS = YES_ERROR;
				CLANG_WARN_QUOTED_INCLUDE_IN_FRAMEWORK_HEADER = YES;
				CLANG_WARN_RANGE_LOOP_ANALYSIS = YES;
				CLANG_WARN_STRICT_PROTOTYPES = YES;
				CLANG_WARN_SUSPICIOUS_MOVE = YES;
				CLANG_WARN_UNGUARDED_AVAILABILITY = YES_AGGRESSIVE;
				CLANG_WARN_UNREACHABLE_CODE = YES;
				CLANG_WARN__DUPLICATE_METHOD_MATCH = YES;
				COPY_PHASE_STRIP = NO;
				DEBUG_INFORMATION_FORMAT = "dwarf-with-dsym";
				ENABLE_NS_ASSERTIONS = NO;
				ENABLE_STRICT_OBJC_MSGSEND = YES;
				GCC_C_LANGUAGE_STANDARD = gnu11;
				GCC_NO_COMMON_BLOCKS = YES;
				GCC_WARN_64_TO_32_BIT_CONVERSION = YES;
				GCC_WARN_ABOUT_RETURN_TYPE = YES_ERROR;
				GCC_WARN_UNDECLARED_SELECTOR = YES;
				GCC_WARN_UNINITIALIZED_AUTOS = YES_AGGRESSIVE;
				GCC_WARN_UNUSED_FUNCTION = YES;
				GCC_WARN_UNUSED_VARIABLE = YES;
				IPHONEOS_DEPLOYMENT_TARGET = 16.0;
				MTL_ENABLE_DEBUG_INFO = NO;
				MTL_FAST_MATH = YES;
				SDKROOT = iphoneos;
				SWIFT_COMPILATION_MODE = wholemodule;
				SWIFT_OPTIMIZATION_LEVEL = "-O";
				VALIDATE_PRODUCT = YES;
			};
			name = Release;
		};
		34F5006F29C081CE008CF7B8 /* Debug */ = {
			isa = XCBuildConfiguration;
			buildSettings = {
				ASSETCATALOG_COMPILER_APPICON_NAME = AppIcon;
				ASSETCATALOG_COMPILER_GLOBAL_ACCENT_COLOR_NAME = AccentColor;
				CODE_SIGN_STYLE = Automatic;
				CURRENT_PROJECT_VERSION = 1;
				DEVELOPMENT_TEAM = 8244FLRS75;
				GENERATE_INFOPLIST_FILE = YES;
				INFOPLIST_FILE = MVVMDemo/Info.plist;
				INFOPLIST_KEY_UIApplicationSupportsIndirectInputEvents = YES;
				INFOPLIST_KEY_UILaunchStoryboardName = LaunchScreen;
				INFOPLIST_KEY_UISupportedInterfaceOrientations_iPad = "UIInterfaceOrientationPortrait UIInterfaceOrientationPortraitUpsideDown UIInterfaceOrientationLandscapeLeft UIInterfaceOrientationLandscapeRight";
				INFOPLIST_KEY_UISupportedInterfaceOrientations_iPhone = "UIInterfaceOrientationPortrait UIInterfaceOrientationLandscapeLeft UIInterfaceOrientationLandscapeRight";
				LD_RUNPATH_SEARCH_PATHS = (
					"$(inherited)",
					"@executable_path/Frameworks",
				);
				MARKETING_VERSION = 1.0;
				PRODUCT_BUNDLE_IDENTIFIER = come.aselZhumalieva.MVVMDemo;
				PRODUCT_NAME = "$(TARGET_NAME)";
				SWIFT_EMIT_LOC_STRINGS = YES;
				SWIFT_VERSION = 5.0;
				TARGETED_DEVICE_FAMILY = "1,2";
			};
			name = Debug;
		};
		34F5007029C081CE008CF7B8 /* Release */ = {
			isa = XCBuildConfiguration;
			buildSettings = {
				ASSETCATALOG_COMPILER_APPICON_NAME = AppIcon;
				ASSETCATALOG_COMPILER_GLOBAL_ACCENT_COLOR_NAME = AccentColor;
				CODE_SIGN_STYLE = Automatic;
				CURRENT_PROJECT_VERSION = 1;
				DEVELOPMENT_TEAM = 8244FLRS75;
				GENERATE_INFOPLIST_FILE = YES;
				INFOPLIST_FILE = MVVMDemo/Info.plist;
				INFOPLIST_KEY_UIApplicationSupportsIndirectInputEvents = YES;
				INFOPLIST_KEY_UILaunchStoryboardName = LaunchScreen;
				INFOPLIST_KEY_UISupportedInterfaceOrientations_iPad = "UIInterfaceOrientationPortrait UIInterfaceOrientationPortraitUpsideDown UIInterfaceOrientationLandscapeLeft UIInterfaceOrientationLandscapeRight";
				INFOPLIST_KEY_UISupportedInterfaceOrientations_iPhone = "UIInterfaceOrientationPortrait UIInterfaceOrientationLandscapeLeft UIInterfaceOrientationLandscapeRight";
				LD_RUNPATH_SEARCH_PATHS = (
					"$(inherited)",
					"@executable_path/Frameworks",
				);
				MARKETING_VERSION = 1.0;
				PRODUCT_BUNDLE_IDENTIFIER = come.aselZhumalieva.MVVMDemo;
				PRODUCT_NAME = "$(TARGET_NAME)";
				SWIFT_EMIT_LOC_STRINGS = YES;
				SWIFT_VERSION = 5.0;
				TARGETED_DEVICE_FAMILY = "1,2";
			};
			name = Release;
		};
/* End XCBuildConfiguration section */

/* Begin XCConfigurationList section */
		34F5005529C081CC008CF7B8 /* Build configuration list for PBXProject "MVVMDemo" */ = {
			isa = XCConfigurationList;
			buildConfigurations = (
				34F5006C29C081CE008CF7B8 /* Debug */,
				34F5006D29C081CE008CF7B8 /* Release */,
			);
			defaultConfigurationIsVisible = 0;
			defaultConfigurationName = Release;
		};
		34F5006E29C081CE008CF7B8 /* Build configuration list for PBXNativeTarget "MVVMDemo" */ = {
			isa = XCConfigurationList;
			buildConfigurations = (
				34F5006F29C081CE008CF7B8 /* Debug */,
				34F5007029C081CE008CF7B8 /* Release */,
			);
			defaultConfigurationIsVisible = 0;
			defaultConfigurationName = Release;
		};
/* End XCConfigurationList section */

/* Begin XCRemoteSwiftPackageReference section */
		3495BEA429C17A2B00AE8A25 /* XCRemoteSwiftPackageReference "SnapKit" */ = {
			isa = XCRemoteSwiftPackageReference;
			repositoryURL = "https://github.com/SnapKit/SnapKit";
			requirement = {
				branch = develop;
				kind = branch;
			};
		};
/* End XCRemoteSwiftPackageReference section */

/* Begin XCSwiftPackageProductDependency section */
		3495BEA529C17A2B00AE8A25 /* SnapKit */ = {
			isa = XCSwiftPackageProductDependency;
			package = 3495BEA429C17A2B00AE8A25 /* XCRemoteSwiftPackageReference "SnapKit" */;
			productName = SnapKit;
		};
/* End XCSwiftPackageProductDependency section */
	};
	rootObject = 34F5005229C081CC008CF7B8 /* Project object */;
}
